
Microsoft Visual Studio Solution File, Format Version 12.00
# Visual Studio Version 16
VisualStudioVersion = 16.0.30320.27
MinimumVisualStudioVersion = 10.0.40219.1
Project("{2150E333-8FDC-42A3-9474-1A3956D46DE8}") = "Tests", "Tests", "{6EE37AF2-8CCB-4E42-B900-FBF7843A9714}"
EndProject
Project("{9A19103F-16F7-4668-BE54-9A1E7A4F7556}") = "Jelly.Threading.Channels.Queue", "src\Jelly.Extensions.Queue\Jelly.Threading.Channels.Queue.csproj", "{7CC936AA-849C-48D3-9B35-FE6B6CFF860D}"
EndProject
Project("{9A19103F-16F7-4668-BE54-9A1E7A4F7556}") = "Jelly.Threading.Channels.QueueTests", "test\Jelly.Threading.Channels.QueueTests\Jelly.Threading.Channels.QueueTests.csproj", "{88529195-A0E3-43C1-A1E6-343F45B34E79}"
EndProject
Global
	GlobalSection(SolutionConfigurationPlatforms) = preSolution
		Debug|Any CPU = Debug|Any CPU
		Release|Any CPU = Release|Any CPU
	EndGlobalSection
	GlobalSection(ProjectConfigurationPlatforms) = postSolution
		{7CC936AA-849C-48D3-9B35-FE6B6CFF860D}.Debug|Any CPU.ActiveCfg = Debug|Any CPU
		{7CC936AA-849C-48D3-9B35-FE6B6CFF860D}.Debug|Any CPU.Build.0 = Debug|Any CPU
		{7CC936AA-849C-48D3-9B35-FE6B6CFF860D}.Release|Any CPU.ActiveCfg = Release|Any CPU
		{7CC936AA-849C-48D3-9B35-FE6B6CFF860D}.Release|Any CPU.Build.0 = Release|Any CPU
		{88529195-A0E3-43C1-A1E6-343F45B34E79}.Debug|Any CPU.ActiveCfg = Debug|Any CPU
		{88529195-A0E3-43C1-A1E6-343F45B34E79}.Debug|Any CPU.Build.0 = Debug|Any CPU
		{88529195-A0E3-43C1-A1E6-343F45B34E79}.Release|Any CPU.ActiveCfg = Release|Any CPU
		{88529195-A0E3-43C1-A1E6-343F45B34E79}.Release|Any CPU.Build.0 = Release|Any CPU
	EndGlobalSection
	GlobalSection(SolutionProperties) = preSolution
		HideSolutionNode = FALSE
	EndGlobalSection
	GlobalSection(NestedProjects) = preSolution
		{88529195-A0E3-43C1-A1E6-343F45B34E79} = {6EE37AF2-8CCB-4E42-B900-FBF7843A9714}
	EndGlobalSection
	GlobalSection(ExtensibilityGlobals) = postSolution
		SolutionGuid = {2CA0A13C-16A7-48E2-8D74-FE8E085CDC12}
	EndGlobalSection
EndGlobal
